
Microsoft Visual Studio Solution File, Format Version 12.00
# Visual Studio Version 17
VisualStudioVersion = 17.9.34728.123
MinimumVisualStudioVersion = 10.0.40219.1
Project("{9A19103F-16F7-4668-BE54-9A1E7A4F7556}") = "WebAPI", "WebAPI\WebAPI.csproj", "{FD0B0C55-DBDE-42BF-8897-564A9B32491B}"
EndProject
Project("{9A19103F-16F7-4668-BE54-9A1E7A4F7556}") = "Business", "Business\Business.csproj", "{CECEF655-F0F8-4309-9249-759825D74C0B}"
EndProject
Project("{9A19103F-16F7-4668-BE54-9A1E7A4F7556}") = "Core", "Core\Core.csproj", "{42782232-C773-4C14-B46D-A1D0CF3C7944}"
EndProject
Project("{9A19103F-16F7-4668-BE54-9A1E7A4F7556}") = "DataAccess", "DataAccess\DataAccess.csproj", "{5207AD39-3CF8-47E1-B68B-AFBC823D8A86}"
EndProject
Project("{9A19103F-16F7-4668-BE54-9A1E7A4F7556}") = "Entities", "Entities\Entities.csproj", "{92CBA29F-2E53-422F-A4FD-95E6926B2A38}"
EndProject
Global
	GlobalSection(SolutionConfigurationPlatforms) = preSolution
		Debug|Any CPU = Debug|Any CPU
		Release|Any CPU = Release|Any CPU
	EndGlobalSection
	GlobalSection(ProjectConfigurationPlatforms) = postSolution
		{FD0B0C55-DBDE-42BF-8897-564A9B32491B}.Debug|Any CPU.ActiveCfg = Debug|Any CPU
		{FD0B0C55-DBDE-42BF-8897-564A9B32491B}.Debug|Any CPU.Build.0 = Debug|Any CPU
		{FD0B0C55-DBDE-42BF-8897-564A9B32491B}.Release|Any CPU.ActiveCfg = Release|Any CPU
		{FD0B0C55-DBDE-42BF-8897-564A9B32491B}.Release|Any CPU.Build.0 = Release|Any CPU
		{CECEF655-F0F8-4309-9249-759825D74C0B}.Debug|Any CPU.ActiveCfg = Debug|Any CPU
		{CECEF655-F0F8-4309-9249-759825D74C0B}.Debug|Any CPU.Build.0 = Debug|Any CPU
		{CECEF655-F0F8-4309-9249-759825D74C0B}.Release|Any CPU.ActiveCfg = Release|Any CPU
		{CECEF655-F0F8-4309-9249-759825D74C0B}.Release|Any CPU.Build.0 = Release|Any CPU
		{42782232-C773-4C14-B46D-A1D0CF3C7944}.Debug|Any CPU.ActiveCfg = Debug|Any CPU
		{42782232-C773-4C14-B46D-A1D0CF3C7944}.Debug|Any CPU.Build.0 = Debug|Any CPU
		{42782232-C773-4C14-B46D-A1D0CF3C7944}.Release|Any CPU.ActiveCfg = Release|Any CPU
		{42782232-C773-4C14-B46D-A1D0CF3C7944}.Release|Any CPU.Build.0 = Release|Any CPU
		{5207AD39-3CF8-47E1-B68B-AFBC823D8A86}.Debug|Any CPU.ActiveCfg = Debug|Any CPU
		{5207AD39-3CF8-47E1-B68B-AFBC823D8A86}.Debug|Any CPU.Build.0 = Debug|Any CPU
		{5207AD39-3CF8-47E1-B68B-AFBC823D8A86}.Release|Any CPU.ActiveCfg = Release|Any CPU
		{5207AD39-3CF8-47E1-B68B-AFBC823D8A86}.Release|Any CPU.Build.0 = Release|Any CPU
		{92CBA29F-2E53-422F-A4FD-95E6926B2A38}.Debug|Any CPU.ActiveCfg = Debug|Any CPU
		{92CBA29F-2E53-422F-A4FD-95E6926B2A38}.Debug|Any CPU.Build.0 = Debug|Any CPU
		{92CBA29F-2E53-422F-A4FD-95E6926B2A38}.Release|Any CPU.ActiveCfg = Release|Any CPU
		{92CBA29F-2E53-422F-A4FD-95E6926B2A38}.Release|Any CPU.Build.0 = Release|Any CPU
	EndGlobalSection
	GlobalSection(SolutionProperties) = preSolution
		HideSolutionNode = FALSE
	EndGlobalSection
	GlobalSection(ExtensibilityGlobals) = postSolution
		SolutionGuid = {29AA4FFA-E7BF-44B7-81DE-48B0FFB144A5}
	EndGlobalSection
EndGlobal
